# This file is autogenerated, do not edit; changes may be undone by the next 'dep ensure'.


[[projects]]
  digest = "1:7b94d37d65c0445053c6f3e73090e3966c1c29127035492c349e14f25c440359"
  name = "github.com/boombuler/barcode"
  packages = [
    ".",
    "qr",
    "utils",
  ]
  pruneopts = "UT"
  revision = "3cfea5ab600ae37946be2b763b8ec2c1cf2d272d"
  version = "v1.0.0"

[[projects]]
  digest = "1:43f75a87077db1adcec941cf562c78435a7703024fe991d6b2420b26d5c83f14"
  name = "github.com/certifi/gocertifi"
  packages = ["."]
  pruneopts = "UT"
  revision = "2c3bb06c6054e133430498817d26ac003d08f020"
  version = "2020.09.22"

[[projects]]
  branch = "master"
  digest = "1:3a2b8a350191fdeabec38791c3e4b108eb55a5950f5f4603d9c1ce6220defbb5"
  name = "github.com/czConstant/constant-core"
  packages = [
    "domain",
    "pkg/core",
    "pkg/core/blockchain",
    "pkg/core/blockchain/beam",
    "pkg/core/blockchain/bep2",
    "pkg/core/blockchain/incognito",
    "pkg/core/blockchain/zcoin",
    "pkg/core/reserve",
    "pkg/core/user",
    "pkg/core/wallet",
    "services/primetrust/models",
  ]
  pruneopts = "UT"
  revision = "4a26e0ba6d0e4f552dab70e01ae450f21c35035b"

[[projects]]
  branch = "master"
  digest = "1:6fa33b45b65a2df5b88d4d03253eff632cf2f5136376daf2401e1fdf622c383f"
  name = "github.com/czConstant/constant-evn"
  packages = ["client"]
  pruneopts = "UT"
  revision = "b1bdae82c987638bb06ffbd0594781a5df9c2c0b"

[[projects]]
  digest = "1:d18f6f088d7d8365df47f49dfa24b6ff6701a941118ffda30c589d1bd954074b"
  name = "github.com/getsentry/raven-go"
  packages = ["."]
  pruneopts = "UT"
  revision = "f04e7487e9a6b9d9837d52743fb5f40576c56411"
  version = "v0.2.0"

[[projects]]
  digest = "1:ae8d4268210394a71e5785af821856a8f939e8429879a377c7fcf94b0f47aba1"
  name = "github.com/gin-contrib/cors"
  packages = ["."]
  pruneopts = "UT"
  revision = "3ce2e80966d59f18f21ca3544f57856072274179"
  version = "v1.3.1"

[[projects]]
  digest = "1:3ee1d175a75b911a659fbd860060874c4f503e793c5870d13e5a0ede529a63cf"
  name = "github.com/gin-contrib/sse"
  packages = ["."]
  pruneopts = "UT"
  revision = "54d8467d122d380a14768b6b4e5cd7ca4755938f"
  version = "v0.1.0"

[[projects]]
  digest = "1:249eec71412b5d3bb94374292ccbc81a1e8314cd2c6b2c830add3357e6c4b842"
  name = "github.com/gin-gonic/gin"
  packages = [
    ".",
    "binding",
    "internal/json",
    "render",
  ]
  pruneopts = "UT"
  revision = "15ced05c5316609bce5b43389f8e3f06102a8b18"
  version = "v1.5.0"

[[projects]]
  digest = "1:e1cbe9ce835f515ce57500b8db6b94f399650bea2ddfac59f9b05d98db77a96d"
  name = "github.com/go-playground/locales"
  packages = [
    ".",
    "currency",
  ]
  pruneopts = "UT"
  revision = "9f105231d3a5f6877a2bf8321dfa15ea6f844b1b"
  version = "v0.13.0"

[[projects]]
  digest = "1:0d18fff5db6983e912eb2ac15038ed3eabb8ec03c9bd9129b10cd0213f50ec6d"
  name = "github.com/go-playground/universal-translator"
  packages = ["."]
  pruneopts = "UT"
  revision = "f87b1403479a348651dbf5f07f5cc6e5fcf07008"
  version = "v0.17.0"

[[projects]]
  digest = "1:a3af33fd30536d9c5a7b6ad542390919e57c1125097a194c7b3d9904109a0611"
  name = "github.com/go-sql-driver/mysql"
  packages = ["."]
  pruneopts = "UT"
  revision = "17ef3dd9d98b69acec3e85878995ada9533a9370"
  version = "v1.5.0"

[[projects]]
  digest = "1:903cefda69fade8ffb9f4c16008da9f5d2bd949c69925f34b9bca5e3e639eb8c"
  name = "github.com/golang/protobuf"
  packages = ["proto"]
  pruneopts = "UT"
  revision = "4846b58453b3708320bdb524f25cc5a1d9cda4d4"
  version = "v1.4.3"

[[projects]]
  digest = "1:0ba2632215132e946413632241c2f9e67439addbe5f243b86bb81199bd15c8e9"
  name = "github.com/jinzhu/gorm"
  packages = ["."]
  pruneopts = "UT"
  revision = "81c17a7e2529c59efc4e74c5b32c1fb71fb12fa2"
  version = "v1.9.11"

[[projects]]
  digest = "1:01ed62f8f4f574d8aff1d88caee113700a2b44c42351943fa73cc1808f736a50"
  name = "github.com/jinzhu/inflection"
  packages = ["."]
  pruneopts = "UT"
  revision = "f5c5f50e6090ae76a29240b61ae2a90dd810112e"
  version = "v1.0.0"

[[projects]]
  digest = "1:7d7ccfe00918baede5a3daf233bad41bb922692f58a57a687f8b010e207a167b"
  name = "github.com/json-iterator/go"
  packages = ["."]
  pruneopts = "UT"
  revision = "a1ca0830781e007c66b225121d2cdb3a649421f6"
  version = "v1.1.10"

[[projects]]
  digest = "1:9e016de2759aaa06e25a3a83400b81f99fa0df8de3a4bdecf30945f254f4d20b"
  name = "github.com/leodido/go-urn"
  packages = ["."]
  pruneopts = "UT"
  revision = "6c96508144d00b380edbc8bda077e27b832d0c7b"
  version = "v1.2.1"

[[projects]]
  digest = "1:0c58d31abe2a2ccb429c559b6292e7df89dcda675456fecc282fa90aa08273eb"
  name = "github.com/mattn/go-isatty"
  packages = ["."]
  pruneopts = "UT"
  revision = "7b513a986450394f7bbf1476909911b3aa3a55ce"
  version = "v0.0.12"

[[projects]]
  digest = "1:33422d238f147d247752996a26574ac48dcf472976eda7f5134015f06bf16563"
  name = "github.com/modern-go/concurrent"
  packages = ["."]
  pruneopts = "UT"
  revision = "bacd9c7ef1dd9b15be4a9909b8ac7a4e313eec94"
  version = "1.0.3"

[[projects]]
  digest = "1:e32bdbdb7c377a07a9a46378290059822efdce5c8d96fe71940d87cb4f918855"
  name = "github.com/modern-go/reflect2"
  packages = ["."]
  pruneopts = "UT"
  revision = "4b7aa43c6742a2c18fdef89dd197aaae7dac7ccd"
  version = "1.0.1"

[[projects]]
  digest = "1:9e1d37b58d17113ec3cb5608ac0382313c5b59470b94ed97d0976e69c7022314"
  name = "github.com/pkg/errors"
  packages = ["."]
  pruneopts = "UT"
  revision = "614d223910a179a466c1767a985424175c39b465"
  version = "v0.9.1"

[[projects]]
  digest = "1:bc3d3dfdb0c73bd04364f7e2cd865859c470be6bb18bfe72de86626409092467"
  name = "github.com/pquerna/otp"
  packages = [
    ".",
    "hotp",
    "totp",
  ]
  pruneopts = "UT"
  revision = "bd63651f7d7bdae4ec15a49eda5d9e83720d3442"
  version = "v1.3.0"

[[projects]]
  branch = "master"
  digest = "1:cf619f97a4a5094efd1e0b179cd9f243023095ed0a3bf3fb96f3fcda6aa90ea9"
  name = "github.com/toorop/go-bitcoind"
  packages = ["."]
  pruneopts = "UT"
  revision = "87ada228a807c0dcb51c4153d51c5856ce89fa6a"

[[projects]]
  digest = "1:a30e437523e7ece3d531a760e800c6f2917e0dc9c85d7ad0aa53b4715956cfd3"
  name = "github.com/ugorji/go"
  packages = ["codec"]
  pruneopts = "UT"
  revision = "03b57548dc452a0b12577730ae47ba93bf3706cd"
  version = "v1.2.1"

[[projects]]
  digest = "1:7a3de4371d6b68c6f37a0df2c09905664d9de59026c91cbe275aae55f4fe760f"
  name = "go.uber.org/atomic"
  packages = ["."]
  pruneopts = "UT"
  revision = "12f27ba2637fa0e13772a4f05fa46a5d18d53182"
  version = "v1.7.0"

[[projects]]
  digest = "1:e9eeeabfd025a5e69b9c8e2857d3517ea67e747ae913bcb0a9e1e7bafdb9c298"
  name = "go.uber.org/multierr"
  packages = ["."]
  pruneopts = "UT"
  revision = "3114a8b704d2d28dbacda34a872690aaef66aeed"
  version = "v1.6.0"

[[projects]]
  digest = "1:052a04ff010ec05c33f12909ec2a90492c9d5582d68f87d3275595d0d1bd0d3b"
  name = "go.uber.org/zap"
  packages = [
    ".",
    "buffer",
    "internal/bufferpool",
    "internal/color",
    "internal/exit",
    "zapcore",
  ]
  pruneopts = "UT"
  revision = "404189cf44aea95b0cd9bddcb0242dd4cf88c510"
  version = "v1.16.0"

[[projects]]
  branch = "master"
  digest = "1:3d30e8dfc6be82e30cbea6cf40099b9d8d6511c57b04a6066dc29c205c0ebf0f"
  name = "golang.org/x/sys"
  packages = [
    "internal/unsafeheader",
    "unix",
  ]
  pruneopts = "UT"
  revision = "8ad439b19e0fb2ded35375e495090c1334011eb9"

[[projects]]
  digest = "1:cccb3a18e62abaccd19c309fc01a69da2509719f5a453cb2e66969f670503245"
  name = "google.golang.org/protobuf"
  packages = [
    "encoding/prototext",
    "encoding/protowire",
    "internal/descfmt",
    "internal/descopts",
    "internal/detrand",
    "internal/encoding/defval",
    "internal/encoding/messageset",
    "internal/encoding/tag",
    "internal/encoding/text",
    "internal/errors",
    "internal/fieldsort",
    "internal/filedesc",
    "internal/filetype",
    "internal/flags",
    "internal/genid",
    "internal/impl",
    "internal/mapsort",
    "internal/pragma",
    "internal/set",
    "internal/strs",
    "internal/version",
    "proto",
    "reflect/protoreflect",
    "reflect/protoregistry",
    "runtime/protoiface",
    "runtime/protoimpl",
  ]
  pruneopts = "UT"
  revision = "3f7a61f89bb6813f89d981d1870ed68da0b3c3f1"
  version = "v1.25.0"

[[projects]]
  digest = "1:0e49ce3bb641491517ba5035619be50aa07619814665c9761d0decb48f35ea94"
  name = "gopkg.in/go-playground/validator.v9"
  packages = ["."]
  pruneopts = "UT"
  revision = "21c910fc6d9c3556c28252b04beb17de0c2d40ec"
  version = "v9.31.0"

[[projects]]
  digest = "1:5054a1f394226de9e6ddc47b0ba77e35092a4112f4a1cd9cb94aba1f5bdc3ec6"
  name = "gopkg.in/yaml.v2"
  packages = ["."]
  pruneopts = "UT"
  revision = "7649d4548cb53a614db133b2a8ac1f31859dda8c"
  version = "v2.4.0"

[solve-meta]
  analyzer-name = "dep"
  analyzer-version = 1
  input-imports = [
    "github.com/czConstant/constant-core/domain",
    "github.com/czConstant/constant-core/pkg/core",
    "github.com/czConstant/constant-evn/client",
    "github.com/getsentry/raven-go",
    "github.com/gin-contrib/cors",
    "github.com/gin-gonic/gin",
    "github.com/gin-gonic/gin/binding",
    "github.com/go-sql-driver/mysql",
    "github.com/jinzhu/gorm",
    "github.com/pkg/errors",
    "github.com/pquerna/otp/totp",
    "go.uber.org/zap",
  ]
  solver-name = "gps-cdcl"
  solver-version = 1
